
Microsoft Visual Studio Solution File, Format Version 12.00
Project("{FAE04EC0-301F-11D3-BF4B-00C04F79EFBC}") = "SpielTools", "SpielTools\SpielTools.csproj", "{534E1773-5BB5-41C9-A920-4245D3B0DA39}"
EndProject
Global
	GlobalSection(SolutionConfigurationPlatforms) = preSolution
		Debug|Any CPU = Debug|Any CPU
		Release|Any CPU = Release|Any CPU
	EndGlobalSection
	GlobalSection(ProjectConfigurationPlatforms) = postSolution
		{534E1773-5BB5-41C9-A920-4245D3B0DA39}.Debug|Any CPU.ActiveCfg = Debug|Any CPU
		{534E1773-5BB5-41C9-A920-4245D3B0DA39}.Debug|Any CPU.Build.0 = Debug|Any CPU
		{534E1773-5BB5-41C9-A920-4245D3B0DA39}.Release|Any CPU.ActiveCfg = Release|Any CPU
		{534E1773-5BB5-41C9-A920-4245D3B0DA39}.Release|Any CPU.Build.0 = Release|Any CPU
	EndGlobalSection
EndGlobal
